
Microsoft Visual Studio Solution File, Format Version 12.00
# Visual Studio Version 17
VisualStudioVersion = 17.9.34622.214
MinimumVisualStudioVersion = 10.0.40219.1
Project("{8BC9CEB8-8B4A-11D0-8D11-00A0C91BC942}") = "SpeedReader", "SpeedReader\SpeedReader.vcxproj", "{D70A86F7-EFAA-46F1-8DF9-96F9E2931C1F}"
	ProjectSection(ProjectDependencies) = postProject
		{FE696D6F-509F-4CB1-9DDA-F7B927CDF7FB} = {FE696D6F-509F-4CB1-9DDA-F7B927CDF7FB}
	EndProjectSection
EndProject
Project("{8BC9CEB8-8B4A-11D0-8D11-00A0C91BC942}") = "DLL", "DLL\DLL.vcxproj", "{FE696D6F-509F-4CB1-9DDA-F7B927CDF7FB}"
EndProject
Global
	GlobalSection(SolutionConfigurationPlatforms) = preSolution
		Debug|x64 = Debug|x64
		Debug|x86 = Debug|x86
		Release|x64 = Release|x64
		Release|x86 = Release|x86
	EndGlobalSection
	GlobalSection(ProjectConfigurationPlatforms) = postSolution
		{D70A86F7-EFAA-46F1-8DF9-96F9E2931C1F}.Debug|x64.ActiveCfg = Debug|x64
		{D70A86F7-EFAA-46F1-8DF9-96F9E2931C1F}.Debug|x64.Build.0 = Debug|x64
		{D70A86F7-EFAA-46F1-8DF9-96F9E2931C1F}.Debug|x86.ActiveCfg = Debug|Win32
		{D70A86F7-EFAA-46F1-8DF9-96F9E2931C1F}.Debug|x86.Build.0 = Debug|Win32
		{D70A86F7-EFAA-46F1-8DF9-96F9E2931C1F}.Release|x64.ActiveCfg = Release|x64
		{D70A86F7-EFAA-46F1-8DF9-96F9E2931C1F}.Release|x64.Build.0 = Release|x64
		{D70A86F7-EFAA-46F1-8DF9-96F9E2931C1F}.Release|x86.ActiveCfg = Release|Win32
		{D70A86F7-EFAA-46F1-8DF9-96F9E2931C1F}.Release|x86.Build.0 = Release|Win32
		{FE696D6F-509F-4CB1-9DDA-F7B927CDF7FB}.Debug|x64.ActiveCfg = Debug|x64
		{FE696D6F-509F-4CB1-9DDA-F7B927CDF7FB}.Debug|x64.Build.0 = Debug|x64
		{FE696D6F-509F-4CB1-9DDA-F7B927CDF7FB}.Debug|x86.ActiveCfg = Debug|Win32
		{FE696D6F-509F-4CB1-9DDA-F7B927CDF7FB}.Debug|x86.Build.0 = Debug|Win32
		{FE696D6F-509F-4CB1-9DDA-F7B927CDF7FB}.Release|x64.ActiveCfg = Release|x64
		{FE696D6F-509F-4CB1-9DDA-F7B927CDF7FB}.Release|x64.Build.0 = Release|x64
		{FE696D6F-509F-4CB1-9DDA-F7B927CDF7FB}.Release|x86.ActiveCfg = Release|Win32
		{FE696D6F-509F-4CB1-9DDA-F7B927CDF7FB}.Release|x86.Build.0 = Release|Win32
	EndGlobalSection
	GlobalSection(SolutionProperties) = preSolution
		HideSolutionNode = FALSE
	EndGlobalSection
	GlobalSection(ExtensibilityGlobals) = postSolution
		SolutionGuid = {AFCFD5F3-AF2C-41ED-BC48-059482F5D577}
	EndGlobalSection
EndGlobal
